
Microsoft Visual Studio Solution File, Format Version 12.00
# Visual Studio 15
VisualStudioVersion = 15.0.28307.421
MinimumVisualStudioVersion = 10.0.40219.1
Project("{FAE04EC0-301F-11D3-BF4B-00C04F79EFBC}") = "HangFireIAR", "HangFireIAR\HangFireIAR.csproj", "{6587DAF5-AA21-46E8-B739-08C127642B74}"
EndProject
Global
	GlobalSection(SolutionConfigurationPlatforms) = preSolution
		Debug|Any CPU = Debug|Any CPU
		Release|Any CPU = Release|Any CPU
	EndGlobalSection
	GlobalSection(ProjectConfigurationPlatforms) = postSolution
		{6587DAF5-AA21-46E8-B739-08C127642B74}.Debug|Any CPU.ActiveCfg = Debug|Any CPU
		{6587DAF5-AA21-46E8-B739-08C127642B74}.Debug|Any CPU.Build.0 = Debug|Any CPU
		{6587DAF5-AA21-46E8-B739-08C127642B74}.Release|Any CPU.ActiveCfg = Release|Any CPU
		{6587DAF5-AA21-46E8-B739-08C127642B74}.Release|Any CPU.Build.0 = Release|Any CPU
	EndGlobalSection
	GlobalSection(SolutionProperties) = preSolution
		HideSolutionNode = FALSE
	EndGlobalSection
	GlobalSection(ExtensibilityGlobals) = postSolution
		SolutionGuid = {6C4638C2-5CFD-441D-8FC8-D63BBE82D032}
	EndGlobalSection
EndGlobal
